
Microsoft Visual Studio Solution File, Format Version 12.00
# Visual Studio 15
VisualStudioVersion = 15.0.28307.1758
MinimumVisualStudioVersion = 10.0.40219.1
Project("{9A19103F-16F7-4668-BE54-9A1E7A4F7556}") = "OpenXbl", "stealthbot\OpenXbl.csproj", "{BCC125FA-D413-42BB-8A97-41D197BEA654}"
EndProject
Global
	GlobalSection(SolutionConfigurationPlatforms) = preSolution
		Debug|Any CPU = Debug|Any CPU
		Release|Any CPU = Release|Any CPU
	EndGlobalSection
	GlobalSection(ProjectConfigurationPlatforms) = postSolution
		{BCC125FA-D413-42BB-8A97-41D197BEA654}.Debug|Any CPU.ActiveCfg = Debug|Any CPU
		{BCC125FA-D413-42BB-8A97-41D197BEA654}.Debug|Any CPU.Build.0 = Debug|Any CPU
		{BCC125FA-D413-42BB-8A97-41D197BEA654}.Release|Any CPU.ActiveCfg = Release|Any CPU
		{BCC125FA-D413-42BB-8A97-41D197BEA654}.Release|Any CPU.Build.0 = Release|Any CPU
	EndGlobalSection
	GlobalSection(SolutionProperties) = preSolution
		HideSolutionNode = FALSE
	EndGlobalSection
	GlobalSection(ExtensibilityGlobals) = postSolution
		SolutionGuid = {51B39E0B-34D0-4A09-9737-D2BF28E8AAD6}
	EndGlobalSection
EndGlobal
